// !$*UTF8*$!
{
	archiveVersion = 1;
	classes = {
	};
	objectVersion = 50;
	objects = {

/* Begin PBXBuildFile section */
		72B599A120A6CE2A00BA6BEB /* AppDelegate.swift in Sources */ = {isa = PBXBuildFile; fileRef = 72B599A020A6CE2A00BA6BEB /* AppDelegate.swift */; };
		72B599A320A6CE2A00BA6BEB /* ViewController.swift in Sources */ = {isa = PBXBuildFile; fileRef = 72B599A220A6CE2A00BA6BEB /* ViewController.swift */; };
		72B599A620A6CE2A00BA6BEB /* Main.storyboard in Resources */ = {isa = PBXBuildFile; fileRef = 72B599A420A6CE2A00BA6BEB /* Main.storyboard */; };
		72B599A820A6CE2C00BA6BEB /* Assets.xcassets in Resources */ = {isa = PBXBuildFile; fileRef = 72B599A720A6CE2C00BA6BEB /* Assets.xcassets */; };
		72B599AB20A6CE2C00BA6BEB /* LaunchScreen.storyboard in Resources */ = {isa = PBXBuildFile; fileRef = 72B599A920A6CE2C00BA6BEB /* LaunchScreen.storyboard */; };
/* End PBXBuildFile section */

/* Begin PBXFileReference section */
		72B5999D20A6CE2A00BA6BEB /* SwiftDemo06.app */ = {isa = PBXFileReference; explicitFileType = wrapper.application; includeInIndex = 0; path = SwiftDemo06.app; sourceTree = BUILT_PRODUCTS_DIR; };
		72B599A020A6CE2A00BA6BEB /* AppDelegate.swift */ = {isa = PBXFileReference; lastKnownFileType = sourcecode.swift; path = AppDelegate.swift; sourceTree = "<group>"; };
		72B599A220A6CE2A00BA6BEB /* ViewController.swift */ = {isa = PBXFileReference; lastKnownFileType = sourcecode.swift; path = ViewController.swift; sourceTree = "<group>"; };
		72B599A520A6CE2A00BA6BEB /* Base */ = {isa = PBXFileReference; lastKnownFileType = file.storyboard; name = Base; path = Base.lproj/Main.storyboard; sourceTree = "<group>"; };
		72B599A720A6CE2C00BA6BEB /* Assets.xcassets */ = {isa = PBXFileReference; lastKnownFileType = folder.assetcatalog; path = Assets.xcassets; sourceTree = "<group>"; };
		72B599AA20A6CE2C00BA6BEB /* Base */ = {isa = PBXFileReference; lastKnownFileType = file.storyboard; name = Base; path = Base.lproj/LaunchScreen.storyboard; sourceTree = "<group>"; };
		72B599AC20A6CE2C00BA6BEB /* Info.plist */ = {isa = PBXFileReference; lastKnownFileType = text.plist.xml; path = Info.plist; sourceTree = "<group>"; };
/* End PBXFileReference section */

/* Begin PBXFrameworksBuildPhase section */
		72B5999A20A6CE2A00BA6BEB /* Frameworks */ = {
			isa = PBXFrameworksBuildPhase;
			buildActionMask = 2147483647;
			files = (
			);
			runOnlyForDeploymentPostprocessing = 0;
		};
/* End PBXFrameworksBuildPhase section */

/* Begin PBXGroup section */
		72B5999420A6CE2A00BA6BEB = {
			isa = PBXGroup;
			children = (
				72B5999F20A6CE2A00BA6BEB /* SwiftDemo06 */,
				72B5999E20A6CE2A00BA6BEB /* Products */,
			);
			sourceTree = "<group>";
		};
		72B5999E20A6CE2A00BA6BEB /* Products */ = {
			isa = PBXGroup;
			children = (
				72B5999D20A6CE2A00BA6BEB /* SwiftDemo06.app */,
			);
			name = Products;
			sourceTree = "<group>";
		};
		72B5999F20A6CE2A00BA6BEB /* SwiftDemo06 */ = {
			isa = PBXGroup;
			children = (
				72B599A020A6CE2A00BA6BEB /* AppDelegate.swift */,
				72B599A220A6CE2A00BA6BEB /* ViewController.swift */,
				72B599A420A6CE2A00BA6BEB /* Main.storyboard */,
				72B599A720A6CE2C00BA6BEB /* Assets.xcassets */,
				72B599A920A6CE2C00BA6BEB /* LaunchScreen.storyboard */,
				72B599AC20A6CE2C00BA6BEB /* Info.plist */,
			);
			path = SwiftDemo06;
			sourceTree = "<group>";
		};
/* End PBXGroup section */

/* Begin PBXNativeTarget section */
		72B5999C20A6CE2A00BA6BEB /* SwiftDemo06 */ = {
			isa = PBXNativeTarget;
			buildConfigurationList = 72B599AF20A6CE2C00BA6BEB /* Build configuration list for PBXNativeTarget "SwiftDemo06" */;
			buildPhases = (
				72B5999920A6CE2A00BA6BEB /* Sources */,
				72B5999A20A6CE2A00BA6BEB /* Frameworks */,
				72B5999B20A6CE2A00BA6BEB /* Resources */,
			);
			buildRules = (
			);
			dependencies = (
			);
			name = SwiftDemo06;
			productName = SwiftDemo06;
			productReference = 72B5999D20A6CE2A00BA6BEB /* SwiftDemo06.app */;
			productType = "com.apple.product-type.application";
		};
/* End PBXNativeTarget section */

/* Begin PBXProject section */
		72B5999520A6CE2A00BA6BEB /* Project object */ = {
			isa = PBXProject;
			attributes = {
				LastSwiftUpdateCheck = 0930;
				LastUpgradeCheck = 0930;
				ORGANIZATIONNAME = "柳玉峰";
				TargetAttributes = {
					72B5999C20A6CE2A00BA6BEB = {
						CreatedOnToolsVersion = 9.3;
					};
				};
			};
			buildConfigurationList = 72B5999820A6CE2A00BA6BEB /* Build configuration list for PBXProject "SwiftDemo06" */;
			compatibilityVersion = "Xcode 9.3";
			developmentRegion = en;
			hasScannedForEncodings = 0;
			knownRegions = (
				en,
				Base,
			);
			mainGroup = 72B5999420A6CE2A00BA6BEB;
			productRefGroup = 72B5999E20A6CE2A00BA6BEB /* Products */;
			projectDirPath = "";
			projectRoot = "";
			targets = (
				72B5999C20A6CE2A00BA6BEB /* SwiftDemo06 */,
			);
		};
/* End PBXProject section */

/* Begin PBXResourcesBuildPhase section */
		72B5999B20A6CE2A00BA6BEB /* Resources */ = {
			isa = PBXResourcesBuildPhase;
			buildActionMask = 2147483647;
			files = (
				72B599AB20A6CE2C00BA6BEB /* LaunchScreen.storyboard in Resources */,
				72B599A820A6CE2C00BA6BEB /* Assets.xcassets in Resources */,
				72B599A620A6CE2A00BA6BEB /* Main.storyboard in Resources */,
			);
			runOnlyForDeploymentPostprocessing = 0;
		};
/* End PBXResourcesBuildPhase section */

/* Begin PBXSourcesBuildPhase section */
		72B5999920A6CE2A00BA6BEB /* Sources */ = {
			isa = PBXSourcesBuildPhase;
			buildActionMask = 2147483647;
			files = (
				72B599A320A6CE2A00BA6BEB /* ViewController.swift in Sources */,
				72B599A120A6CE2A00BA6BEB /* AppDelegate.swift in Sources */,
			);
			runOnlyForDeploymentPostprocessing = 0;
		};
/* End PBXSourcesBuildPhase section */

/* Begin PBXVariantGroup section */
		72B599A420A6CE2A00BA6BEB /* Main.storyboard */ = {
			isa = PBXVariantGroup;
			children = (
				72B599A520A6CE2A00BA6BEB /* Base */,
			);
			name = Main.storyboard;
			sourceTree = "<group>";
		};
		72B599A920A6CE2C00BA6BEB /* LaunchScreen.storyboard */ = {
			isa = PBXVariantGroup;
			children = (
				72B599AA20A6CE2C00BA6BEB /* Base */,
			);
			name = LaunchScreen.storyboard;
			sourceTree = "<group>";
		};
/* End PBXVariantGroup section */

/* Begin XCBuildConfiguration section */
		72B599AD20A6CE2C00BA6BEB /* Debug */ = {
			isa = XCBuildConfiguration;
			buildSettings = {
				ALWAYS_SEARCH_USER_PATHS = NO;
				CLANG_ANALYZER_NONNULL = YES;
				CLANG_ANALYZER_NUMBER_OBJECT_CONVERSION = YES_AGGRESSIVE;
				CLANG_CXX_LANGUAGE_STANDARD = "gnu++14";
				CLANG_CXX_LIBRARY = "libc++";
				CLANG_ENABLE_MODULES = YES;
				CLANG_ENABLE_OBJC_ARC = YES;
				CLANG_ENABLE_OBJC_WEAK = YES;
				CLANG_WARN_BLOCK_CAPTURE_AUTORELEASING = YES;
				CLANG_WARN_BOOL_CONVERSION = YES;
				CLANG_WARN_COMMA = YES;
				CLANG_WARN_CONSTANT_CONVERSION = YES;
				CLANG_WARN_DEPRECATED_OBJC_IMPLEMENTATIONS = YES;
				CLANG_WARN_DIRECT_OBJC_ISA_USAGE = YES_ERROR;
				CLANG_WARN_DOCUMENTATION_COMMENTS = YES;
				CLANG_WARN_EMPTY_BODY = YES;
				CLANG_WARN_ENUM_CONVERSION = YES;
				CLANG_WARN_INFINITE_RECURSION = YES;
				CLANG_WARN_INT_CONVERSION = YES;
				CLANG_WARN_NON_LITERAL_NULL_CONVERSION = YES;
				CLANG_WARN_OBJC_IMPLICIT_RETAIN_SELF = YES;
				CLANG_WARN_OBJC_LITERAL_CONVERSION = YES;
				CLANG_WARN_OBJC_ROOT_CLASS = YES_ERROR;
				CLANG_WARN_RANGE_LOOP_ANALYSIS = YES;
				CLANG_WARN_STRICT_PROTOTYPES = YES;
				CLANG_WARN_SUSPICIOUS_MOVE = YES;
				CLANG_WARN_UNGUARDED_AVAILABILITY = YES_AGGRESSIVE;
				CLANG_WARN_UNREACHABLE_CODE = YES;
				CLANG_WARN__DUPLICATE_METHOD_MATCH = YES;
				CODE_SIGN_IDENTITY = "iPhone Developer";
				COPY_PHASE_STRIP = NO;
				DEBUG_INFORMATION_FORMAT = dwarf;
				ENABLE_STRICT_OBJC_MSGSEND = YES;
				ENABLE_TESTABILITY = YES;
				GCC_C_LANGUAGE_STANDARD = gnu11;
				GCC_DYNAMIC_NO_PIC = NO;
				GCC_NO_COMMON_BLOCKS = YES;
				GCC_OPTIMIZATION_LEVEL = 0;
				GCC_PREPROCESSOR_DEFINITIONS = (
					"DEBUG=1",
					"$(inherited)",
				);
				GCC_WARN_64_TO_32_BIT_CONVERSION = YES;
				GCC_WARN_ABOUT_RETURN_TYPE = YES_ERROR;
				GCC_WARN_UNDECLARED_SELECTOR = YES;
				GCC_WARN_UNINITIALIZED_AUTOS = YES_AGGRESSIVE;
				GCC_WARN_UNUSED_FUNCTION = YES;
				GCC_WARN_UNUSED_VARIABLE = YES;
				IPHONEOS_DEPLOYMENT_TARGET = 11.3;
				MTL_ENABLE_DEBUG_INFO = YES;
				ONLY_ACTIVE_ARCH = YES;
				SDKROOT = iphoneos;
				SWIFT_ACTIVE_COMPILATION_CONDITIONS = DEBUG;
				SWIFT_OPTIMIZATION_LEVEL = "-Onone";
			};
			name = Debug;
		};
		72B599AE20A6CE2C00BA6BEB /* Release */ = {
			isa = XCBuildConfiguration;
			buildSettings = {
				ALWAYS_SEARCH_USER_PATHS = NO;
				CLANG_ANALYZER_NONNULL = YES;
				CLANG_ANALYZER_NUMBER_OBJECT_CONVERSION = YES_AGGRESSIVE;
				CLANG_CXX_LANGUAGE_STANDARD = "gnu++14";
				CLANG_CXX_LIBRARY = "libc++";
				CLANG_ENABLE_MODULES = YES;
				CLANG_ENABLE_OBJC_ARC = YES;
				CLANG_ENABLE_OBJC_WEAK = YES;
				CLANG_WARN_BLOCK_CAPTURE_AUTORELEASING = YES;
				CLANG_WARN_BOOL_CONVERSION = YES;
				CLANG_WARN_COMMA = YES;
				CLANG_WARN_CONSTANT_CONVERSION = YES;
				CLANG_WARN_DEPRECATED_OBJC_IMPLEMENTATIONS = YES;
				CLANG_WARN_DIRECT_OBJC_ISA_USAGE = YES_ERROR;
				CLANG_WARN_DOCUMENTATION_COMMENTS = YES;
				CLANG_WARN_EMPTY_BODY = YES;
				CLANG_WARN_ENUM_CONVERSION = YES;
				CLANG_WARN_INFINITE_RECURSION = YES;
				CLANG_WARN_INT_CONVERSION = YES;
				CLANG_WARN_NON_LITERAL_NULL_CONVERSION = YES;
				CLANG_WARN_OBJC_IMPLICIT_RETAIN_SELF = YES;
				CLANG_WARN_OBJC_LITERAL_CONVERSION = YES;
				CLANG_WARN_OBJC_ROOT_CLASS = YES_ERROR;
				CLANG_WARN_RANGE_LOOP_ANALYSIS = YES;
				CLANG_WARN_STRICT_PROTOTYPES = YES;
				CLANG_WARN_SUSPICIOUS_MOVE = YES;
				CLANG_WARN_UNGUARDED_AVAILABILITY = YES_AGGRESSIVE;
				CLANG_WARN_UNREACHABLE_CODE = YES;
				CLANG_WARN__DUPLICATE_METHOD_MATCH = YES;
				CODE_SIGN_IDENTITY = "iPhone Developer";
				COPY_PHASE_STRIP = NO;
				DEBUG_INFORMATION_FORMAT = "dwarf-with-dsym";
				ENABLE_NS_ASSERTIONS = NO;
				ENABLE_STRICT_OBJC_MSGSEND = YES;
				GCC_C_LANGUAGE_STANDARD = gnu11;
				GCC_NO_COMMON_BLOCKS = YES;
				GCC_WARN_64_TO_32_BIT_CONVERSION = YES;
				GCC_WARN_ABOUT_RETURN_TYPE = YES_ERROR;
				GCC_WARN_UNDECLARED_SELECTOR = YES;
				GCC_WARN_UNINITIALIZED_AUTOS = YES_AGGRESSIVE;
				GCC_WARN_UNUSED_FUNCTION = YES;
				GCC_WARN_UNUSED_VARIABLE = YES;
				IPHONEOS_DEPLOYMENT_TARGET = 11.3;
				MTL_ENABLE_DEBUG_INFO = NO;
				SDKROOT = iphoneos;
				SWIFT_COMPILATION_MODE = wholemodule;
				SWIFT_OPTIMIZATION_LEVEL = "-O";
				VALIDATE_PRODUCT = YES;
			};
			name = Release;
		};
		72B599B020A6CE2C00BA6BEB /* Debug */ = {
			isa = XCBuildConfiguration;
			buildSettings = {
				ASSETCATALOG_COMPILER_APPICON_NAME = AppIcon;
				CODE_SIGN_STYLE = Automatic;
				DEVELOPMENT_TEAM = U6TUG4H42Y;
				INFOPLIST_FILE = SwiftDemo06/Info.plist;
				LD_RUNPATH_SEARCH_PATHS = (
					"$(inherited)",
					"@executable_path/Frameworks",
				);
				PRODUCT_BUNDLE_IDENTIFIER = Yvan.SwiftDemo06;
				PRODUCT_NAME = "$(TARGET_NAME)";
				SWIFT_VERSION = 4.0;
				TARGETED_DEVICE_FAMILY = "1,2";
			};
			name = Debug;
		};
		72B599B120A6CE2C00BA6BEB /* Release */ = {
			isa = XCBuildConfiguration;
			buildSettings = {
				ASSETCATALOG_COMPILER_APPICON_NAME = AppIcon;
				CODE_SIGN_STYLE = Automatic;
				DEVELOPMENT_TEAM = U6TUG4H42Y;
				INFOPLIST_FILE = SwiftDemo06/Info.plist;
				LD_RUNPATH_SEARCH_PATHS = (
					"$(inherited)",
					"@executable_path/Frameworks",
				);
				PRODUCT_BUNDLE_IDENTIFIER = Yvan.SwiftDemo06;
				PRODUCT_NAME = "$(TARGET_NAME)";
				SWIFT_VERSION = 4.0;
				TARGETED_DEVICE_FAMILY = "1,2";
			};
			name = Release;
		};
/* End XCBuildConfiguration section */

/* Begin XCConfigurationList section */
		72B5999820A6CE2A00BA6BEB /* Build configuration list for PBXProject "SwiftDemo06" */ = {
			isa = XCConfigurationList;
			buildConfigurations = (
				72B599AD20A6CE2C00BA6BEB /* Debug */,
				72B599AE20A6CE2C00BA6BEB /* Release */,
			);
			defaultConfigurationIsVisible = 0;
			defaultConfigurationName = Release;
		};
		72B599AF20A6CE2C00BA6BEB /* Build configuration list for PBXNativeTarget "SwiftDemo06" */ = {
			isa = XCConfigurationList;
			buildConfigurations = (
				72B599B020A6CE2C00BA6BEB /* Debug */,
				72B599B120A6CE2C00BA6BEB /* Release */,
			);
			defaultConfigurationIsVisible = 0;
			defaultConfigurationName = Release;
		};
/* End XCConfigurationList section */
	};
	rootObject = 72B5999520A6CE2A00BA6BEB /* Project object */;
}
