// !$*UTF8*$!
{
	archiveVersion = 1;
	classes = {
	};
	objectVersion = 50;
	objects = {

/* Begin PBXBuildFile section */
		721BEFF020B64CF600C6A25F /* AppDelegate.swift in Sources */ = {isa = PBXBuildFile; fileRef = 721BEFEF20B64CF600C6A25F /* AppDelegate.swift */; };
		721BEFF220B64CF600C6A25F /* ViewController.swift in Sources */ = {isa = PBXBuildFile; fileRef = 721BEFF120B64CF600C6A25F /* ViewController.swift */; };
		721BEFF520B64CF600C6A25F /* Main.storyboard in Resources */ = {isa = PBXBuildFile; fileRef = 721BEFF320B64CF600C6A25F /* Main.storyboard */; };
		721BEFF720B64CF700C6A25F /* Assets.xcassets in Resources */ = {isa = PBXBuildFile; fileRef = 721BEFF620B64CF700C6A25F /* Assets.xcassets */; };
		721BEFFA20B64CF700C6A25F /* LaunchScreen.storyboard in Resources */ = {isa = PBXBuildFile; fileRef = 721BEFF820B64CF700C6A25F /* LaunchScreen.storyboard */; };
/* End PBXBuildFile section */

/* Begin PBXFileReference section */
		721BEFEC20B64CF600C6A25F /* SwiftDemo11.app */ = {isa = PBXFileReference; explicitFileType = wrapper.application; includeInIndex = 0; path = SwiftDemo11.app; sourceTree = BUILT_PRODUCTS_DIR; };
		721BEFEF20B64CF600C6A25F /* AppDelegate.swift */ = {isa = PBXFileReference; lastKnownFileType = sourcecode.swift; path = AppDelegate.swift; sourceTree = "<group>"; };
		721BEFF120B64CF600C6A25F /* ViewController.swift */ = {isa = PBXFileReference; lastKnownFileType = sourcecode.swift; path = ViewController.swift; sourceTree = "<group>"; };
		721BEFF420B64CF600C6A25F /* Base */ = {isa = PBXFileReference; lastKnownFileType = file.storyboard; name = Base; path = Base.lproj/Main.storyboard; sourceTree = "<group>"; };
		721BEFF620B64CF700C6A25F /* Assets.xcassets */ = {isa = PBXFileReference; lastKnownFileType = folder.assetcatalog; path = Assets.xcassets; sourceTree = "<group>"; };
		721BEFF920B64CF700C6A25F /* Base */ = {isa = PBXFileReference; lastKnownFileType = file.storyboard; name = Base; path = Base.lproj/LaunchScreen.storyboard; sourceTree = "<group>"; };
		721BEFFB20B64CF700C6A25F /* Info.plist */ = {isa = PBXFileReference; lastKnownFileType = text.plist.xml; path = Info.plist; sourceTree = "<group>"; };
/* End PBXFileReference section */

/* Begin PBXFrameworksBuildPhase section */
		721BEFE920B64CF600C6A25F /* Frameworks */ = {
			isa = PBXFrameworksBuildPhase;
			buildActionMask = 2147483647;
			files = (
			);
			runOnlyForDeploymentPostprocessing = 0;
		};
/* End PBXFrameworksBuildPhase section */

/* Begin PBXGroup section */
		721BEFE320B64CF600C6A25F = {
			isa = PBXGroup;
			children = (
				721BEFEE20B64CF600C6A25F /* SwiftDemo11 */,
				721BEFED20B64CF600C6A25F /* Products */,
			);
			sourceTree = "<group>";
		};
		721BEFED20B64CF600C6A25F /* Products */ = {
			isa = PBXGroup;
			children = (
				721BEFEC20B64CF600C6A25F /* SwiftDemo11.app */,
			);
			name = Products;
			sourceTree = "<group>";
		};
		721BEFEE20B64CF600C6A25F /* SwiftDemo11 */ = {
			isa = PBXGroup;
			children = (
				721BEFEF20B64CF600C6A25F /* AppDelegate.swift */,
				721BEFF120B64CF600C6A25F /* ViewController.swift */,
				721BEFF320B64CF600C6A25F /* Main.storyboard */,
				721BEFF620B64CF700C6A25F /* Assets.xcassets */,
				721BEFF820B64CF700C6A25F /* LaunchScreen.storyboard */,
				721BEFFB20B64CF700C6A25F /* Info.plist */,
			);
			path = SwiftDemo11;
			sourceTree = "<group>";
		};
/* End PBXGroup section */

/* Begin PBXNativeTarget section */
		721BEFEB20B64CF600C6A25F /* SwiftDemo11 */ = {
			isa = PBXNativeTarget;
			buildConfigurationList = 721BEFFE20B64CF700C6A25F /* Build configuration list for PBXNativeTarget "SwiftDemo11" */;
			buildPhases = (
				721BEFE820B64CF600C6A25F /* Sources */,
				721BEFE920B64CF600C6A25F /* Frameworks */,
				721BEFEA20B64CF600C6A25F /* Resources */,
			);
			buildRules = (
			);
			dependencies = (
			);
			name = SwiftDemo11;
			productName = SwiftDemo11;
			productReference = 721BEFEC20B64CF600C6A25F /* SwiftDemo11.app */;
			productType = "com.apple.product-type.application";
		};
/* End PBXNativeTarget section */

/* Begin PBXProject section */
		721BEFE420B64CF600C6A25F /* Project object */ = {
			isa = PBXProject;
			attributes = {
				LastSwiftUpdateCheck = 0930;
				LastUpgradeCheck = 0930;
				ORGANIZATIONNAME = "柳玉峰";
				TargetAttributes = {
					721BEFEB20B64CF600C6A25F = {
						CreatedOnToolsVersion = 9.3.1;
					};
				};
			};
			buildConfigurationList = 721BEFE720B64CF600C6A25F /* Build configuration list for PBXProject "SwiftDemo11" */;
			compatibilityVersion = "Xcode 9.3";
			developmentRegion = en;
			hasScannedForEncodings = 0;
			knownRegions = (
				en,
				Base,
			);
			mainGroup = 721BEFE320B64CF600C6A25F;
			productRefGroup = 721BEFED20B64CF600C6A25F /* Products */;
			projectDirPath = "";
			projectRoot = "";
			targets = (
				721BEFEB20B64CF600C6A25F /* SwiftDemo11 */,
			);
		};
/* End PBXProject section */

/* Begin PBXResourcesBuildPhase section */
		721BEFEA20B64CF600C6A25F /* Resources */ = {
			isa = PBXResourcesBuildPhase;
			buildActionMask = 2147483647;
			files = (
				721BEFFA20B64CF700C6A25F /* LaunchScreen.storyboard in Resources */,
				721BEFF720B64CF700C6A25F /* Assets.xcassets in Resources */,
				721BEFF520B64CF600C6A25F /* Main.storyboard in Resources */,
			);
			runOnlyForDeploymentPostprocessing = 0;
		};
/* End PBXResourcesBuildPhase section */

/* Begin PBXSourcesBuildPhase section */
		721BEFE820B64CF600C6A25F /* Sources */ = {
			isa = PBXSourcesBuildPhase;
			buildActionMask = 2147483647;
			files = (
				721BEFF220B64CF600C6A25F /* ViewController.swift in Sources */,
				721BEFF020B64CF600C6A25F /* AppDelegate.swift in Sources */,
			);
			runOnlyForDeploymentPostprocessing = 0;
		};
/* End PBXSourcesBuildPhase section */

/* Begin PBXVariantGroup section */
		721BEFF320B64CF600C6A25F /* Main.storyboard */ = {
			isa = PBXVariantGroup;
			children = (
				721BEFF420B64CF600C6A25F /* Base */,
			);
			name = Main.storyboard;
			sourceTree = "<group>";
		};
		721BEFF820B64CF700C6A25F /* LaunchScreen.storyboard */ = {
			isa = PBXVariantGroup;
			children = (
				721BEFF920B64CF700C6A25F /* Base */,
			);
			name = LaunchScreen.storyboard;
			sourceTree = "<group>";
		};
/* End PBXVariantGroup section */

/* Begin XCBuildConfiguration section */
		721BEFFC20B64CF700C6A25F /* Debug */ = {
			isa = XCBuildConfiguration;
			buildSettings = {
				ALWAYS_SEARCH_USER_PATHS = NO;
				CLANG_ANALYZER_NONNULL = YES;
				CLANG_ANALYZER_NUMBER_OBJECT_CONVERSION = YES_AGGRESSIVE;
				CLANG_CXX_LANGUAGE_STANDARD = "gnu++14";
				CLANG_CXX_LIBRARY = "libc++";
				CLANG_ENABLE_MODULES = YES;
				CLANG_ENABLE_OBJC_ARC = YES;
				CLANG_ENABLE_OBJC_WEAK = YES;
				CLANG_WARN_BLOCK_CAPTURE_AUTORELEASING = YES;
				CLANG_WARN_BOOL_CONVERSION = YES;
				CLANG_WARN_COMMA = YES;
				CLANG_WARN_CONSTANT_CONVERSION = YES;
				CLANG_WARN_DEPRECATED_OBJC_IMPLEMENTATIONS = YES;
				CLANG_WARN_DIRECT_OBJC_ISA_USAGE = YES_ERROR;
				CLANG_WARN_DOCUMENTATION_COMMENTS = YES;
				CLANG_WARN_EMPTY_BODY = YES;
				CLANG_WARN_ENUM_CONVERSION = YES;
				CLANG_WARN_INFINITE_RECURSION = YES;
				CLANG_WARN_INT_CONVERSION = YES;
				CLANG_WARN_NON_LITERAL_NULL_CONVERSION = YES;
				CLANG_WARN_OBJC_IMPLICIT_RETAIN_SELF = YES;
				CLANG_WARN_OBJC_LITERAL_CONVERSION = YES;
				CLANG_WARN_OBJC_ROOT_CLASS = YES_ERROR;
				CLANG_WARN_RANGE_LOOP_ANALYSIS = YES;
				CLANG_WARN_STRICT_PROTOTYPES = YES;
				CLANG_WARN_SUSPICIOUS_MOVE = YES;
				CLANG_WARN_UNGUARDED_AVAILABILITY = YES_AGGRESSIVE;
				CLANG_WARN_UNREACHABLE_CODE = YES;
				CLANG_WARN__DUPLICATE_METHOD_MATCH = YES;
				CODE_SIGN_IDENTITY = "iPhone Developer";
				COPY_PHASE_STRIP = NO;
				DEBUG_INFORMATION_FORMAT = dwarf;
				ENABLE_STRICT_OBJC_MSGSEND = YES;
				ENABLE_TESTABILITY = YES;
				GCC_C_LANGUAGE_STANDARD = gnu11;
				GCC_DYNAMIC_NO_PIC = NO;
				GCC_NO_COMMON_BLOCKS = YES;
				GCC_OPTIMIZATION_LEVEL = 0;
				GCC_PREPROCESSOR_DEFINITIONS = (
					"DEBUG=1",
					"$(inherited)",
				);
				GCC_WARN_64_TO_32_BIT_CONVERSION = YES;
				GCC_WARN_ABOUT_RETURN_TYPE = YES_ERROR;
				GCC_WARN_UNDECLARED_SELECTOR = YES;
				GCC_WARN_UNINITIALIZED_AUTOS = YES_AGGRESSIVE;
				GCC_WARN_UNUSED_FUNCTION = YES;
				GCC_WARN_UNUSED_VARIABLE = YES;
				IPHONEOS_DEPLOYMENT_TARGET = 11.3;
				MTL_ENABLE_DEBUG_INFO = YES;
				ONLY_ACTIVE_ARCH = YES;
				SDKROOT = iphoneos;
				SWIFT_ACTIVE_COMPILATION_CONDITIONS = DEBUG;
				SWIFT_OPTIMIZATION_LEVEL = "-Onone";
			};
			name = Debug;
		};
		721BEFFD20B64CF700C6A25F /* Release */ = {
			isa = XCBuildConfiguration;
			buildSettings = {
				ALWAYS_SEARCH_USER_PATHS = NO;
				CLANG_ANALYZER_NONNULL = YES;
				CLANG_ANALYZER_NUMBER_OBJECT_CONVERSION = YES_AGGRESSIVE;
				CLANG_CXX_LANGUAGE_STANDARD = "gnu++14";
				CLANG_CXX_LIBRARY = "libc++";
				CLANG_ENABLE_MODULES = YES;
				CLANG_ENABLE_OBJC_ARC = YES;
				CLANG_ENABLE_OBJC_WEAK = YES;
				CLANG_WARN_BLOCK_CAPTURE_AUTORELEASING = YES;
				CLANG_WARN_BOOL_CONVERSION = YES;
				CLANG_WARN_COMMA = YES;
				CLANG_WARN_CONSTANT_CONVERSION = YES;
				CLANG_WARN_DEPRECATED_OBJC_IMPLEMENTATIONS = YES;
				CLANG_WARN_DIRECT_OBJC_ISA_USAGE = YES_ERROR;
				CLANG_WARN_DOCUMENTATION_COMMENTS = YES;
				CLANG_WARN_EMPTY_BODY = YES;
				CLANG_WARN_ENUM_CONVERSION = YES;
				CLANG_WARN_INFINITE_RECURSION = YES;
				CLANG_WARN_INT_CONVERSION = YES;
				CLANG_WARN_NON_LITERAL_NULL_CONVERSION = YES;
				CLANG_WARN_OBJC_IMPLICIT_RETAIN_SELF = YES;
				CLANG_WARN_OBJC_LITERAL_CONVERSION = YES;
				CLANG_WARN_OBJC_ROOT_CLASS = YES_ERROR;
				CLANG_WARN_RANGE_LOOP_ANALYSIS = YES;
				CLANG_WARN_STRICT_PROTOTYPES = YES;
				CLANG_WARN_SUSPICIOUS_MOVE = YES;
				CLANG_WARN_UNGUARDED_AVAILABILITY = YES_AGGRESSIVE;
				CLANG_WARN_UNREACHABLE_CODE = YES;
				CLANG_WARN__DUPLICATE_METHOD_MATCH = YES;
				CODE_SIGN_IDENTITY = "iPhone Developer";
				COPY_PHASE_STRIP = NO;
				DEBUG_INFORMATION_FORMAT = "dwarf-with-dsym";
				ENABLE_NS_ASSERTIONS = NO;
				ENABLE_STRICT_OBJC_MSGSEND = YES;
				GCC_C_LANGUAGE_STANDARD = gnu11;
				GCC_NO_COMMON_BLOCKS = YES;
				GCC_WARN_64_TO_32_BIT_CONVERSION = YES;
				GCC_WARN_ABOUT_RETURN_TYPE = YES_ERROR;
				GCC_WARN_UNDECLARED_SELECTOR = YES;
				GCC_WARN_UNINITIALIZED_AUTOS = YES_AGGRESSIVE;
				GCC_WARN_UNUSED_FUNCTION = YES;
				GCC_WARN_UNUSED_VARIABLE = YES;
				IPHONEOS_DEPLOYMENT_TARGET = 11.3;
				MTL_ENABLE_DEBUG_INFO = NO;
				SDKROOT = iphoneos;
				SWIFT_COMPILATION_MODE = wholemodule;
				SWIFT_OPTIMIZATION_LEVEL = "-O";
				VALIDATE_PRODUCT = YES;
			};
			name = Release;
		};
		721BEFFF20B64CF700C6A25F /* Debug */ = {
			isa = XCBuildConfiguration;
			buildSettings = {
				ASSETCATALOG_COMPILER_APPICON_NAME = AppIcon;
				CODE_SIGN_STYLE = Automatic;
				DEVELOPMENT_TEAM = U6TUG4H42Y;
				INFOPLIST_FILE = SwiftDemo11/Info.plist;
				LD_RUNPATH_SEARCH_PATHS = (
					"$(inherited)",
					"@executable_path/Frameworks",
				);
				PRODUCT_BUNDLE_IDENTIFIER = Yvan.SwiftDemo11;
				PRODUCT_NAME = "$(TARGET_NAME)";
				SWIFT_VERSION = 4.0;
				TARGETED_DEVICE_FAMILY = "1,2";
			};
			name = Debug;
		};
		721BF00020B64CF700C6A25F /* Release */ = {
			isa = XCBuildConfiguration;
			buildSettings = {
				ASSETCATALOG_COMPILER_APPICON_NAME = AppIcon;
				CODE_SIGN_STYLE = Automatic;
				DEVELOPMENT_TEAM = U6TUG4H42Y;
				INFOPLIST_FILE = SwiftDemo11/Info.plist;
				LD_RUNPATH_SEARCH_PATHS = (
					"$(inherited)",
					"@executable_path/Frameworks",
				);
				PRODUCT_BUNDLE_IDENTIFIER = Yvan.SwiftDemo11;
				PRODUCT_NAME = "$(TARGET_NAME)";
				SWIFT_VERSION = 4.0;
				TARGETED_DEVICE_FAMILY = "1,2";
			};
			name = Release;
		};
/* End XCBuildConfiguration section */

/* Begin XCConfigurationList section */
		721BEFE720B64CF600C6A25F /* Build configuration list for PBXProject "SwiftDemo11" */ = {
			isa = XCConfigurationList;
			buildConfigurations = (
				721BEFFC20B64CF700C6A25F /* Debug */,
				721BEFFD20B64CF700C6A25F /* Release */,
			);
			defaultConfigurationIsVisible = 0;
			defaultConfigurationName = Release;
		};
		721BEFFE20B64CF700C6A25F /* Build configuration list for PBXNativeTarget "SwiftDemo11" */ = {
			isa = XCConfigurationList;
			buildConfigurations = (
				721BEFFF20B64CF700C6A25F /* Debug */,
				721BF00020B64CF700C6A25F /* Release */,
			);
			defaultConfigurationIsVisible = 0;
			defaultConfigurationName = Release;
		};
/* End XCConfigurationList section */
	};
	rootObject = 721BEFE420B64CF600C6A25F /* Project object */;
}
